// !$*UTF8*$!
{
	archiveVersion = 1;
	classes = {
	};
	objectVersion = 50;
	objects = {

/* Begin PBXBuildFile section */
		CB591339228F4A9800D34E6D /* DrumMachineViewModel.swift in Sources */ = {isa = PBXBuildFile; fileRef = CB591338228F4A9800D34E6D /* DrumMachineViewModel.swift */; };
		CB59133B228F51A900D34E6D /* RxExtensions.swift in Sources */ = {isa = PBXBuildFile; fileRef = CB59133A228F51A900D34E6D /* RxExtensions.swift */; };
		CB9440CC21963043003324F8 /* AppDelegate.swift in Sources */ = {isa = PBXBuildFile; fileRef = CB9440CB21963043003324F8 /* AppDelegate.swift */; };
		CB9440CE21963043003324F8 /* DrumMachineViewController.swift in Sources */ = {isa = PBXBuildFile; fileRef = CB9440CD21963043003324F8 /* DrumMachineViewController.swift */; };
		CB9440D121963043003324F8 /* Main.storyboard in Resources */ = {isa = PBXBuildFile; fileRef = CB9440CF21963043003324F8 /* Main.storyboard */; };
		CB9440D321963044003324F8 /* Assets.xcassets in Resources */ = {isa = PBXBuildFile; fileRef = CB9440D221963044003324F8 /* Assets.xcassets */; };
		CB9440D621963044003324F8 /* LaunchScreen.storyboard in Resources */ = {isa = PBXBuildFile; fileRef = CB9440D421963044003324F8 /* LaunchScreen.storyboard */; };
		F708373E40D523E473159299 /* Pods_Sampler_2_0.framework in Frameworks */ = {isa = PBXBuildFile; fileRef = D89467B187E811995D95EABC /* Pods_Sampler_2_0.framework */; };
/* End PBXBuildFile section */

/* Begin PBXFileReference section */
		27E71E68924D8AC31ABD83F5 /* Pods-Sampler 2.0.debug.xcconfig */ = {isa = PBXFileReference; includeInIndex = 1; lastKnownFileType = text.xcconfig; name = "Pods-Sampler 2.0.debug.xcconfig"; path = "Pods/Target Support Files/Pods-Sampler 2.0/Pods-Sampler 2.0.debug.xcconfig"; sourceTree = "<group>"; };
		3D09A0FDF3C8D0C43E4F5D84 /* Pods-Sampler 2.0.release.xcconfig */ = {isa = PBXFileReference; includeInIndex = 1; lastKnownFileType = text.xcconfig; name = "Pods-Sampler 2.0.release.xcconfig"; path = "Pods/Target Support Files/Pods-Sampler 2.0/Pods-Sampler 2.0.release.xcconfig"; sourceTree = "<group>"; };
		CB591338228F4A9800D34E6D /* DrumMachineViewModel.swift */ = {isa = PBXFileReference; lastKnownFileType = sourcecode.swift; path = DrumMachineViewModel.swift; sourceTree = "<group>"; };
		CB59133A228F51A900D34E6D /* RxExtensions.swift */ = {isa = PBXFileReference; lastKnownFileType = sourcecode.swift; path = RxExtensions.swift; sourceTree = "<group>"; };
		CB9440C821963043003324F8 /* Sampler 2.0.app */ = {isa = PBXFileReference; explicitFileType = wrapper.application; includeInIndex = 0; path = "Sampler 2.0.app"; sourceTree = BUILT_PRODUCTS_DIR; };
		CB9440CB21963043003324F8 /* AppDelegate.swift */ = {isa = PBXFileReference; lastKnownFileType = sourcecode.swift; path = AppDelegate.swift; sourceTree = "<group>"; };
		CB9440CD21963043003324F8 /* DrumMachineViewController.swift */ = {isa = PBXFileReference; lastKnownFileType = sourcecode.swift; path = DrumMachineViewController.swift; sourceTree = "<group>"; };
		CB9440D021963043003324F8 /* Base */ = {isa = PBXFileReference; lastKnownFileType = file.storyboard; name = Base; path = Base.lproj/Main.storyboard; sourceTree = "<group>"; };
		CB9440D221963044003324F8 /* Assets.xcassets */ = {isa = PBXFileReference; lastKnownFileType = folder.assetcatalog; path = Assets.xcassets; sourceTree = "<group>"; };
		CB9440D521963044003324F8 /* Base */ = {isa = PBXFileReference; lastKnownFileType = file.storyboard; name = Base; path = Base.lproj/LaunchScreen.storyboard; sourceTree = "<group>"; };
		CB9440D721963044003324F8 /* Info.plist */ = {isa = PBXFileReference; lastKnownFileType = text.plist.xml; path = Info.plist; sourceTree = "<group>"; };
		D89467B187E811995D95EABC /* Pods_Sampler_2_0.framework */ = {isa = PBXFileReference; explicitFileType = wrapper.framework; includeInIndex = 0; path = Pods_Sampler_2_0.framework; sourceTree = BUILT_PRODUCTS_DIR; };
/* End PBXFileReference section */

/* Begin PBXFrameworksBuildPhase section */
		CB9440C521963043003324F8 /* Frameworks */ = {
			isa = PBXFrameworksBuildPhase;
			buildActionMask = 2147483647;
			files = (
				F708373E40D523E473159299 /* Pods_Sampler_2_0.framework in Frameworks */,
			);
			runOnlyForDeploymentPostprocessing = 0;
		};
/* End PBXFrameworksBuildPhase section */

/* Begin PBXGroup section */
		2A347B234EF2555AE7DFDF28 /* Pods */ = {
			isa = PBXGroup;
			children = (
				27E71E68924D8AC31ABD83F5 /* Pods-Sampler 2.0.debug.xcconfig */,
				3D09A0FDF3C8D0C43E4F5D84 /* Pods-Sampler 2.0.release.xcconfig */,
			);
			name = Pods;
			sourceTree = "<group>";
		};
		451A215E60F7C6BBFC5BF1F5 /* Frameworks */ = {
			isa = PBXGroup;
			children = (
				D89467B187E811995D95EABC /* Pods_Sampler_2_0.framework */,
			);
			name = Frameworks;
			sourceTree = "<group>";
		};
		CB59133C228F51F200D34E6D /* Scenes */ = {
			isa = PBXGroup;
			children = (
				CB59133D228F520400D34E6D /* DrumMachine */,
			);
			path = Scenes;
			sourceTree = "<group>";
		};
		CB59133D228F520400D34E6D /* DrumMachine */ = {
			isa = PBXGroup;
			children = (
				CB9440CD21963043003324F8 /* DrumMachineViewController.swift */,
				CB591338228F4A9800D34E6D /* DrumMachineViewModel.swift */,
			);
			path = DrumMachine;
			sourceTree = "<group>";
		};
		CB59133E228F521C00D34E6D /* UI */ = {
			isa = PBXGroup;
			children = (
				CB9440CF21963043003324F8 /* Main.storyboard */,
				CB9440D421963044003324F8 /* LaunchScreen.storyboard */,
				CB9440D221963044003324F8 /* Assets.xcassets */,
			);
			path = UI;
			sourceTree = "<group>";
		};
		CB9440BF21963043003324F8 = {
			isa = PBXGroup;
			children = (
				CB9440CA21963043003324F8 /* Sampler 2.0 */,
				CB9440C921963043003324F8 /* Products */,
				2A347B234EF2555AE7DFDF28 /* Pods */,
				451A215E60F7C6BBFC5BF1F5 /* Frameworks */,
			);
			sourceTree = "<group>";
		};
		CB9440C921963043003324F8 /* Products */ = {
			isa = PBXGroup;
			children = (
				CB9440C821963043003324F8 /* Sampler 2.0.app */,
			);
			name = Products;
			sourceTree = "<group>";
		};
		CB9440CA21963043003324F8 /* Sampler 2.0 */ = {
			isa = PBXGroup;
			children = (
				CB9440D721963044003324F8 /* Info.plist */,
				CB9440CB21963043003324F8 /* AppDelegate.swift */,
				CB59133A228F51A900D34E6D /* RxExtensions.swift */,
				CB59133C228F51F200D34E6D /* Scenes */,
				CB59133E228F521C00D34E6D /* UI */,
			);
			path = "Sampler 2.0";
			sourceTree = "<group>";
		};
/* End PBXGroup section */

/* Begin PBXNativeTarget section */
		CB9440C721963043003324F8 /* Sampler 2.0 */ = {
			isa = PBXNativeTarget;
			buildConfigurationList = CB9440DA21963044003324F8 /* Build configuration list for PBXNativeTarget "Sampler 2.0" */;
			buildPhases = (
				12862C7CF3BA76D49CAA65D9 /* [CP] Check Pods Manifest.lock */,
				CB9440C421963043003324F8 /* Sources */,
				CB9440C521963043003324F8 /* Frameworks */,
				CB9440C621963043003324F8 /* Resources */,
				BF29DCC7B890CA02FD48DB70 /* [CP] Embed Pods Frameworks */,
			);
			buildRules = (
			);
			dependencies = (
			);
			name = "Sampler 2.0";
			productName = "Sampler 2.0";
			productReference = CB9440C821963043003324F8 /* Sampler 2.0.app */;
			productType = "com.apple.product-type.application";
		};
/* End PBXNativeTarget section */

/* Begin PBXProject section */
		CB9440C021963043003324F8 /* Project object */ = {
			isa = PBXProject;
			attributes = {
				LastSwiftUpdateCheck = 1010;
				LastUpgradeCheck = 1010;
				ORGANIZATIONNAME = harry.nelken;
				TargetAttributes = {
					CB9440C721963043003324F8 = {
						CreatedOnToolsVersion = 10.1;
						LastSwiftMigration = 1020;
					};
				};
			};
			buildConfigurationList = CB9440C321963043003324F8 /* Build configuration list for PBXProject "Sampler 2.0" */;
			compatibilityVersion = "Xcode 9.3";
			developmentRegion = en;
			hasScannedForEncodings = 0;
			knownRegions = (
				en,
				Base,
			);
			mainGroup = CB9440BF21963043003324F8;
			productRefGroup = CB9440C921963043003324F8 /* Products */;
			projectDirPath = "";
			projectRoot = "";
			targets = (
				CB9440C721963043003324F8 /* Sampler 2.0 */,
			);
		};
/* End PBXProject section */

/* Begin PBXResourcesBuildPhase section */
		CB9440C621963043003324F8 /* Resources */ = {
			isa = PBXResourcesBuildPhase;
			buildActionMask = 2147483647;
			files = (
				CB9440D621963044003324F8 /* LaunchScreen.storyboard in Resources */,
				CB9440D321963044003324F8 /* Assets.xcassets in Resources */,
				CB9440D121963043003324F8 /* Main.storyboard in Resources */,
			);
			runOnlyForDeploymentPostprocessing = 0;
		};
/* End PBXResourcesBuildPhase section */

/* Begin PBXShellScriptBuildPhase section */
		12862C7CF3BA76D49CAA65D9 /* [CP] Check Pods Manifest.lock */ = {
			isa = PBXShellScriptBuildPhase;
			buildActionMask = 2147483647;
			files = (
			);
			inputPaths = (
				"${PODS_PODFILE_DIR_PATH}/Podfile.lock",
				"${PODS_ROOT}/Manifest.lock",
			);
			name = "[CP] Check Pods Manifest.lock";
			outputPaths = (
				"$(DERIVED_FILE_DIR)/Pods-Sampler 2.0-checkManifestLockResult.txt",
			);
			runOnlyForDeploymentPostprocessing = 0;
			shellPath = /bin/sh;
			shellScript = "diff \"${PODS_PODFILE_DIR_PATH}/Podfile.lock\" \"${PODS_ROOT}/Manifest.lock\" > /dev/null\nif [ $? != 0 ] ; then\n    # print error to STDERR\n    echo \"error: The sandbox is not in sync with the Podfile.lock. Run 'pod install' or update your CocoaPods installation.\" >&2\n    exit 1\nfi\n# This output is used by Xcode 'outputs' to avoid re-running this script phase.\necho \"SUCCESS\" > \"${SCRIPT_OUTPUT_FILE_0}\"\n";
			showEnvVarsInLog = 0;
		};
		BF29DCC7B890CA02FD48DB70 /* [CP] Embed Pods Frameworks */ = {
			isa = PBXShellScriptBuildPhase;
			buildActionMask = 2147483647;
			files = (
			);
			inputPaths = (
				"${SRCROOT}/Pods/Target Support Files/Pods-Sampler 2.0/Pods-Sampler 2.0-frameworks.sh",
				"${BUILT_PRODUCTS_DIR}/RxCocoa/RxCocoa.framework",
				"${BUILT_PRODUCTS_DIR}/RxSwift/RxSwift.framework",
				"${BUILT_PRODUCTS_DIR}/RxSwiftExt/RxSwiftExt.framework",
			);
			name = "[CP] Embed Pods Frameworks";
			outputPaths = (
				"${TARGET_BUILD_DIR}/${FRAMEWORKS_FOLDER_PATH}/RxCocoa.framework",
				"${TARGET_BUILD_DIR}/${FRAMEWORKS_FOLDER_PATH}/RxSwift.framework",
				"${TARGET_BUILD_DIR}/${FRAMEWORKS_FOLDER_PATH}/RxSwiftExt.framework",
			);
			runOnlyForDeploymentPostprocessing = 0;
			shellPath = /bin/sh;
			shellScript = "\"${SRCROOT}/Pods/Target Support Files/Pods-Sampler 2.0/Pods-Sampler 2.0-frameworks.sh\"\n";
			showEnvVarsInLog = 0;
		};
/* End PBXShellScriptBuildPhase section */

/* Begin PBXSourcesBuildPhase section */
		CB9440C421963043003324F8 /* Sources */ = {
			isa = PBXSourcesBuildPhase;
			buildActionMask = 2147483647;
			files = (
				CB9440CE21963043003324F8 /* DrumMachineViewController.swift in Sources */,
				CB591339228F4A9800D34E6D /* DrumMachineViewModel.swift in Sources */,
				CB9440CC21963043003324F8 /* AppDelegate.swift in Sources */,
				CB59133B228F51A900D34E6D /* RxExtensions.swift in Sources */,
			);
			runOnlyForDeploymentPostprocessing = 0;
		};
/* End PBXSourcesBuildPhase section */

/* Begin PBXVariantGroup section */
		CB9440CF21963043003324F8 /* Main.storyboard */ = {
			isa = PBXVariantGroup;
			children = (
				CB9440D021963043003324F8 /* Base */,
			);
			name = Main.storyboard;
			sourceTree = "<group>";
		};
		CB9440D421963044003324F8 /* LaunchScreen.storyboard */ = {
			isa = PBXVariantGroup;
			children = (
				CB9440D521963044003324F8 /* Base */,
			);
			name = LaunchScreen.storyboard;
			sourceTree = "<group>";
		};
/* End PBXVariantGroup section */

/* Begin XCBuildConfiguration section */
		CB9440D821963044003324F8 /* Debug */ = {
			isa = XCBuildConfiguration;
			buildSettings = {
				ALWAYS_SEARCH_USER_PATHS = NO;
				CLANG_ANALYZER_NONNULL = YES;
				CLANG_ANALYZER_NUMBER_OBJECT_CONVERSION = YES_AGGRESSIVE;
				CLANG_CXX_LANGUAGE_STANDARD = "gnu++14";
				CLANG_CXX_LIBRARY = "libc++";
				CLANG_ENABLE_MODULES = YES;
				CLANG_ENABLE_OBJC_ARC = YES;
				CLANG_ENABLE_OBJC_WEAK = YES;
				CLANG_WARN_BLOCK_CAPTURE_AUTORELEASING = YES;
				CLANG_WARN_BOOL_CONVERSION = YES;
				CLANG_WARN_COMMA = YES;
				CLANG_WARN_CONSTANT_CONVERSION = YES;
				CLANG_WARN_DEPRECATED_OBJC_IMPLEMENTATIONS = YES;
				CLANG_WARN_DIRECT_OBJC_ISA_USAGE = YES_ERROR;
				CLANG_WARN_DOCUMENTATION_COMMENTS = YES;
				CLANG_WARN_EMPTY_BODY = YES;
				CLANG_WARN_ENUM_CONVERSION = YES;
				CLANG_WARN_INFINITE_RECURSION = YES;
				CLANG_WARN_INT_CONVERSION = YES;
				CLANG_WARN_NON_LITERAL_NULL_CONVERSION = YES;
				CLANG_WARN_OBJC_IMPLICIT_RETAIN_SELF = YES;
				CLANG_WARN_OBJC_LITERAL_CONVERSION = YES;
				CLANG_WARN_OBJC_ROOT_CLASS = YES_ERROR;
				CLANG_WARN_RANGE_LOOP_ANALYSIS = YES;
				CLANG_WARN_STRICT_PROTOTYPES = YES;
				CLANG_WARN_SUSPICIOUS_MOVE = YES;
				CLANG_WARN_UNGUARDED_AVAILABILITY = YES_AGGRESSIVE;
				CLANG_WARN_UNREACHABLE_CODE = YES;
				CLANG_WARN__DUPLICATE_METHOD_MATCH = YES;
				CODE_SIGN_IDENTITY = "iPhone Developer";
				COPY_PHASE_STRIP = NO;
				DEBUG_INFORMATION_FORMAT = dwarf;
				ENABLE_STRICT_OBJC_MSGSEND = YES;
				ENABLE_TESTABILITY = YES;
				GCC_C_LANGUAGE_STANDARD = gnu11;
				GCC_DYNAMIC_NO_PIC = NO;
				GCC_NO_COMMON_BLOCKS = YES;
				GCC_OPTIMIZATION_LEVEL = 0;
				GCC_PREPROCESSOR_DEFINITIONS = (
					"DEBUG=1",
					"$(inherited)",
				);
				GCC_WARN_64_TO_32_BIT_CONVERSION = YES;
				GCC_WARN_ABOUT_RETURN_TYPE = YES_ERROR;
				GCC_WARN_UNDECLARED_SELECTOR = YES;
				GCC_WARN_UNINITIALIZED_AUTOS = YES_AGGRESSIVE;
				GCC_WARN_UNUSED_FUNCTION = YES;
				GCC_WARN_UNUSED_VARIABLE = YES;
				IPHONEOS_DEPLOYMENT_TARGET = 12.1;
				MTL_ENABLE_DEBUG_INFO = INCLUDE_SOURCE;
				MTL_FAST_MATH = YES;
				ONLY_ACTIVE_ARCH = YES;
				SDKROOT = iphoneos;
				SWIFT_ACTIVE_COMPILATION_CONDITIONS = DEBUG;
				SWIFT_OPTIMIZATION_LEVEL = "-Onone";
			};
			name = Debug;
		};
		CB9440D921963044003324F8 /* Release */ = {
			isa = XCBuildConfiguration;
			buildSettings = {
				ALWAYS_SEARCH_USER_PATHS = NO;
				CLANG_ANALYZER_NONNULL = YES;
				CLANG_ANALYZER_NUMBER_OBJECT_CONVERSION = YES_AGGRESSIVE;
				CLANG_CXX_LANGUAGE_STANDARD = "gnu++14";
				CLANG_CXX_LIBRARY = "libc++";
				CLANG_ENABLE_MODULES = YES;
				CLANG_ENABLE_OBJC_ARC = YES;
				CLANG_ENABLE_OBJC_WEAK = YES;
				CLANG_WARN_BLOCK_CAPTURE_AUTORELEASING = YES;
				CLANG_WARN_BOOL_CONVERSION = YES;
				CLANG_WARN_COMMA = YES;
				CLANG_WARN_CONSTANT_CONVERSION = YES;
				CLANG_WARN_DEPRECATED_OBJC_IMPLEMENTATIONS = YES;
				CLANG_WARN_DIRECT_OBJC_ISA_USAGE = YES_ERROR;
				CLANG_WARN_DOCUMENTATION_COMMENTS = YES;
				CLANG_WARN_EMPTY_BODY = YES;
				CLANG_WARN_ENUM_CONVERSION = YES;
				CLANG_WARN_INFINITE_RECURSION = YES;
				CLANG_WARN_INT_CONVERSION = YES;
				CLANG_WARN_NON_LITERAL_NULL_CONVERSION = YES;
				CLANG_WARN_OBJC_IMPLICIT_RETAIN_SELF = YES;
				CLANG_WARN_OBJC_LITERAL_CONVERSION = YES;
				CLANG_WARN_OBJC_ROOT_CLASS = YES_ERROR;
				CLANG_WARN_RANGE_LOOP_ANALYSIS = YES;
				CLANG_WARN_STRICT_PROTOTYPES = YES;
				CLANG_WARN_SUSPICIOUS_MOVE = YES;
				CLANG_WARN_UNGUARDED_AVAILABILITY = YES_AGGRESSIVE;
				CLANG_WARN_UNREACHABLE_CODE = YES;
				CLANG_WARN__DUPLICATE_METHOD_MATCH = YES;
				CODE_SIGN_IDENTITY = "iPhone Developer";
				COPY_PHASE_STRIP = NO;
				DEBUG_INFORMATION_FORMAT = "dwarf-with-dsym";
				ENABLE_NS_ASSERTIONS = NO;
				ENABLE_STRICT_OBJC_MSGSEND = YES;
				GCC_C_LANGUAGE_STANDARD = gnu11;
				GCC_NO_COMMON_BLOCKS = YES;
				GCC_WARN_64_TO_32_BIT_CONVERSION = YES;
				GCC_WARN_ABOUT_RETURN_TYPE = YES_ERROR;
				GCC_WARN_UNDECLARED_SELECTOR = YES;
				GCC_WARN_UNINITIALIZED_AUTOS = YES_AGGRESSIVE;
				GCC_WARN_UNUSED_FUNCTION = YES;
				GCC_WARN_UNUSED_VARIABLE = YES;
				IPHONEOS_DEPLOYMENT_TARGET = 12.1;
				MTL_ENABLE_DEBUG_INFO = NO;
				MTL_FAST_MATH = YES;
				SDKROOT = iphoneos;
				SWIFT_COMPILATION_MODE = wholemodule;
				SWIFT_OPTIMIZATION_LEVEL = "-O";
				VALIDATE_PRODUCT = YES;
			};
			name = Release;
		};
		CB9440DB21963044003324F8 /* Debug */ = {
			isa = XCBuildConfiguration;
			baseConfigurationReference = 27E71E68924D8AC31ABD83F5 /* Pods-Sampler 2.0.debug.xcconfig */;
			buildSettings = {
				ASSETCATALOG_COMPILER_APPICON_NAME = AppIcon;
				CODE_SIGN_STYLE = Automatic;
				DEVELOPMENT_TEAM = THP5EV5EJ9;
				INFOPLIST_FILE = "Sampler 2.0/Info.plist";
				LD_RUNPATH_SEARCH_PATHS = (
					"$(inherited)",
					"@executable_path/Frameworks",
				);
				PRODUCT_BUNDLE_IDENTIFIER = "io.intrepid.nelken.Sampler-2-0";
				PRODUCT_NAME = "$(TARGET_NAME)";
				SWIFT_VERSION = 5.0;
				TARGETED_DEVICE_FAMILY = "1,2";
			};
			name = Debug;
		};
		CB9440DC21963044003324F8 /* Release */ = {
			isa = XCBuildConfiguration;
			baseConfigurationReference = 3D09A0FDF3C8D0C43E4F5D84 /* Pods-Sampler 2.0.release.xcconfig */;
			buildSettings = {
				ASSETCATALOG_COMPILER_APPICON_NAME = AppIcon;
				CODE_SIGN_STYLE = Automatic;
				DEVELOPMENT_TEAM = THP5EV5EJ9;
				INFOPLIST_FILE = "Sampler 2.0/Info.plist";
				LD_RUNPATH_SEARCH_PATHS = (
					"$(inherited)",
					"@executable_path/Frameworks",
				);
				PRODUCT_BUNDLE_IDENTIFIER = "io.intrepid.nelken.Sampler-2-0";
				PRODUCT_NAME = "$(TARGET_NAME)";
				SWIFT_VERSION = 5.0;
				TARGETED_DEVICE_FAMILY = "1,2";
			};
			name = Release;
		};
/* End XCBuildConfiguration section */

/* Begin XCConfigurationList section */
		CB9440C321963043003324F8 /* Build configuration list for PBXProject "Sampler 2.0" */ = {
			isa = XCConfigurationList;
			buildConfigurations = (
				CB9440D821963044003324F8 /* Debug */,
				CB9440D921963044003324F8 /* Release */,
			);
			defaultConfigurationIsVisible = 0;
			defaultConfigurationName = Release;
		};
		CB9440DA21963044003324F8 /* Build configuration list for PBXNativeTarget "Sampler 2.0" */ = {
			isa = XCConfigurationList;
			buildConfigurations = (
				CB9440DB21963044003324F8 /* Debug */,
				CB9440DC21963044003324F8 /* Release */,
			);
			defaultConfigurationIsVisible = 0;
			defaultConfigurationName = Release;
		};
/* End XCConfigurationList section */
	};
	rootObject = CB9440C021963043003324F8 /* Project object */;
}
